// !$*UTF8*$!
{
	archiveVersion = 1;
	classes = {
	};
	objectVersion = 51;
	objects = {

/* Begin PBXBuildFile section */
		A80AED135F502D3A32453237 /* Pods_InstantSystem.framework in Frameworks */ = {isa = PBXBuildFile; fileRef = BC59DA133B91A93E467DB7D4 /* Pods_InstantSystem.framework */; };
		A850EDEB25A4A2060001A433 /* AppDelegate.swift in Sources */ = {isa = PBXBuildFile; fileRef = A850EDEA25A4A2060001A433 /* AppDelegate.swift */; };
		A850EDED25A4A2060001A433 /* SceneDelegate.swift in Sources */ = {isa = PBXBuildFile; fileRef = A850EDEC25A4A2060001A433 /* SceneDelegate.swift */; };
		A850EDEF25A4A2060001A433 /* IntroductionViewController.swift in Sources */ = {isa = PBXBuildFile; fileRef = A850EDEE25A4A2060001A433 /* IntroductionViewController.swift */; };
		A850EDF425A4A2080001A433 /* Assets.xcassets in Resources */ = {isa = PBXBuildFile; fileRef = A850EDF325A4A2080001A433 /* Assets.xcassets */; };
		A850EDF725A4A2080001A433 /* LaunchScreen.storyboard in Resources */ = {isa = PBXBuildFile; fileRef = A850EDF525A4A2080001A433 /* LaunchScreen.storyboard */; };
		A850EE2325A4AAC00001A433 /* Animations.swift in Sources */ = {isa = PBXBuildFile; fileRef = A850EE2225A4AAC00001A433 /* Animations.swift */; };
		A850EE2F25A4ACDC0001A433 /* configuration.json in Resources */ = {isa = PBXBuildFile; fileRef = A850EE2E25A4ACDC0001A433 /* configuration.json */; };
		A850EE3425A4AD960001A433 /* ConfigurationManager.swift in Sources */ = {isa = PBXBuildFile; fileRef = A850EE3325A4AD960001A433 /* ConfigurationManager.swift */; };
		A850EE3825A4ADAE0001A433 /* Configuration.swift in Sources */ = {isa = PBXBuildFile; fileRef = A850EE3725A4ADAE0001A433 /* Configuration.swift */; };
		A850EE4625A4AF970001A433 /* BaseCoordinator.swift in Sources */ = {isa = PBXBuildFile; fileRef = A850EE4125A4AF970001A433 /* BaseCoordinator.swift */; };
		A850EE4725A4AF970001A433 /* Coordinator.swift in Sources */ = {isa = PBXBuildFile; fileRef = A850EE4225A4AF970001A433 /* Coordinator.swift */; };
		A850EE4825A4AF970001A433 /* Dismissable.swift in Sources */ = {isa = PBXBuildFile; fileRef = A850EE4325A4AF970001A433 /* Dismissable.swift */; };
		A850EE4925A4AF970001A433 /* Router.swift in Sources */ = {isa = PBXBuildFile; fileRef = A850EE4425A4AF970001A433 /* Router.swift */; };
		A850EE4A25A4AF970001A433 /* Presentable.swift in Sources */ = {isa = PBXBuildFile; fileRef = A850EE4525A4AF970001A433 /* Presentable.swift */; };
		A850EE4D25A4B3930001A433 /* FeedsController.swift in Sources */ = {isa = PBXBuildFile; fileRef = A850EE4C25A4B3930001A433 /* FeedsController.swift */; };
		A850EE5025A4B58A0001A433 /* ApplicationCoordinator.swift in Sources */ = {isa = PBXBuildFile; fileRef = A850EE4F25A4B58A0001A433 /* ApplicationCoordinator.swift */; };
		A850EE5325A4B6A70001A433 /* FeedsCoordinator.swift in Sources */ = {isa = PBXBuildFile; fileRef = A850EE5225A4B6A70001A433 /* FeedsCoordinator.swift */; };
		A850EE5825A4B7550001A433 /* Alias.swift in Sources */ = {isa = PBXBuildFile; fileRef = A850EE5725A4B7550001A433 /* Alias.swift */; };
		A850EE6D25A4FBA10001A433 /* IntroductionViewController.xib in Resources */ = {isa = PBXBuildFile; fileRef = A850EE6C25A4FBA10001A433 /* IntroductionViewController.xib */; };
		A850EE7125A4FC200001A433 /* IntroductionCoordinator.swift in Sources */ = {isa = PBXBuildFile; fileRef = A850EE7025A4FC200001A433 /* IntroductionCoordinator.swift */; };
		A850EE7625A4FCFE0001A433 /* Feed.swift in Sources */ = {isa = PBXBuildFile; fileRef = A850EE7525A4FCFE0001A433 /* Feed.swift */; };
		A850EE7C25A4FD370001A433 /* Post.swift in Sources */ = {isa = PBXBuildFile; fileRef = A850EE7B25A4FD370001A433 /* Post.swift */; };
		A850EE8225A4FE330001A433 /* FeedsViewController.swift in Sources */ = {isa = PBXBuildFile; fileRef = A850EE8125A4FE330001A433 /* FeedsViewController.swift */; };
		A850EE8625A4FE3C0001A433 /* PostViewController.swift in Sources */ = {isa = PBXBuildFile; fileRef = A850EE8525A4FE3C0001A433 /* PostViewController.swift */; };
		A850EE9F25A5017E0001A433 /* PostViewController.xib in Resources */ = {isa = PBXBuildFile; fileRef = A850EE9E25A5017E0001A433 /* PostViewController.xib */; };
		A850EEA225A501880001A433 /* FeedsViewController.xib in Resources */ = {isa = PBXBuildFile; fileRef = A850EEA125A501880001A433 /* FeedsViewController.xib */; };
		A879732825A50B7900ACD951 /* R.generated.swift in Sources */ = {isa = PBXBuildFile; fileRef = A879732725A50B7900ACD951 /* R.generated.swift */; };
		A879734825A50D6F00ACD951 /* IntroductionView.swift in Sources */ = {isa = PBXBuildFile; fileRef = A879734725A50D6F00ACD951 /* IntroductionView.swift */; };
		A879734F25A50DC400ACD951 /* FeedsViewModel.swift in Sources */ = {isa = PBXBuildFile; fileRef = A879734E25A50DC400ACD951 /* FeedsViewModel.swift */; };
		A879735225A50DCE00ACD951 /* IntroductionViewModel.swift in Sources */ = {isa = PBXBuildFile; fileRef = A879735125A50DCE00ACD951 /* IntroductionViewModel.swift */; };
		A879735A25A50E6400ACD951 /* PostView.swift in Sources */ = {isa = PBXBuildFile; fileRef = A879735925A50E6400ACD951 /* PostView.swift */; };
		A879735E25A50F7700ACD951 /* Localizable.strings in Resources */ = {isa = PBXBuildFile; fileRef = A879735D25A50F7700ACD951 /* Localizable.strings */; };
		A8F0431925A5A78400A584BD /* MainBackendAPI.swift in Sources */ = {isa = PBXBuildFile; fileRef = A8F0431825A5A78400A584BD /* MainBackendAPI.swift */; };
		A8F0431D25A5A79100A584BD /* MainBackendProvider.swift in Sources */ = {isa = PBXBuildFile; fileRef = A8F0431C25A5A79100A584BD /* MainBackendProvider.swift */; };
		A8FCFF1E25A5C12E00B366F6 /* Author.swift in Sources */ = {isa = PBXBuildFile; fileRef = A8FCFF1D25A5C12E00B366F6 /* Author.swift */; };
		A8FCFF2125A5C13500B366F6 /* Link.swift in Sources */ = {isa = PBXBuildFile; fileRef = A8FCFF2025A5C13500B366F6 /* Link.swift */; };
		A8FCFF2425A5C13C00B366F6 /* Image.swift in Sources */ = {isa = PBXBuildFile; fileRef = A8FCFF2325A5C13C00B366F6 /* Image.swift */; };
		A8FCFF4025A5DA5000B366F6 /* FeedsCell.swift in Sources */ = {isa = PBXBuildFile; fileRef = A8FCFF3F25A5DA5000B366F6 /* FeedsCell.swift */; };
		A8FCFF4725A5DA6800B366F6 /* FeedsCell.xib in Resources */ = {isa = PBXBuildFile; fileRef = A8FCFF4625A5DA6800B366F6 /* FeedsCell.xib */; };
		A8FCFF4B25A5DB0A00B366F6 /* UITableView+Component.swift in Sources */ = {isa = PBXBuildFile; fileRef = A8FCFF4A25A5DB0A00B366F6 /* UITableView+Component.swift */; };
		A8FCFF5425A689A900B366F6 /* logo.json in Resources */ = {isa = PBXBuildFile; fileRef = A8FCFF5325A689A900B366F6 /* logo.json */; };
		A8FCFF5725A738F900B366F6 /* Post+Utils.swift in Sources */ = {isa = PBXBuildFile; fileRef = A8FCFF5625A738F900B366F6 /* Post+Utils.swift */; };
/* End PBXBuildFile section */

/* Begin PBXFileReference section */
		02740C5B19535DA4441975BB /* Pods-InstantSystem.release.xcconfig */ = {isa = PBXFileReference; includeInIndex = 1; lastKnownFileType = text.xcconfig; name = "Pods-InstantSystem.release.xcconfig"; path = "Target Support Files/Pods-InstantSystem/Pods-InstantSystem.release.xcconfig"; sourceTree = "<group>"; };
		A4CA450F12037A914A37C50D /* Pods-InstantSystem.debug.xcconfig */ = {isa = PBXFileReference; includeInIndex = 1; lastKnownFileType = text.xcconfig; name = "Pods-InstantSystem.debug.xcconfig"; path = "Target Support Files/Pods-InstantSystem/Pods-InstantSystem.debug.xcconfig"; sourceTree = "<group>"; };
		A850EDE725A4A2060001A433 /* InstantSystem.app */ = {isa = PBXFileReference; explicitFileType = wrapper.application; includeInIndex = 0; path = InstantSystem.app; sourceTree = BUILT_PRODUCTS_DIR; };
		A850EDEA25A4A2060001A433 /* AppDelegate.swift */ = {isa = PBXFileReference; lastKnownFileType = sourcecode.swift; path = AppDelegate.swift; sourceTree = "<group>"; };
		A850EDEC25A4A2060001A433 /* SceneDelegate.swift */ = {isa = PBXFileReference; lastKnownFileType = sourcecode.swift; path = SceneDelegate.swift; sourceTree = "<group>"; };
		A850EDEE25A4A2060001A433 /* IntroductionViewController.swift */ = {isa = PBXFileReference; lastKnownFileType = sourcecode.swift; path = IntroductionViewController.swift; sourceTree = "<group>"; };
		A850EDF325A4A2080001A433 /* Assets.xcassets */ = {isa = PBXFileReference; lastKnownFileType = folder.assetcatalog; path = Assets.xcassets; sourceTree = "<group>"; };
		A850EDF625A4A2080001A433 /* Base */ = {isa = PBXFileReference; lastKnownFileType = file.storyboard; name = Base; path = Base.lproj/LaunchScreen.storyboard; sourceTree = "<group>"; };
		A850EDF825A4A2080001A433 /* Info.plist */ = {isa = PBXFileReference; lastKnownFileType = text.plist.xml; path = Info.plist; sourceTree = "<group>"; };
		A850EE2225A4AAC00001A433 /* Animations.swift */ = {isa = PBXFileReference; lastKnownFileType = sourcecode.swift; path = Animations.swift; sourceTree = "<group>"; };
		A850EE2E25A4ACDC0001A433 /* configuration.json */ = {isa = PBXFileReference; lastKnownFileType = text.json; path = configuration.json; sourceTree = "<group>"; };
		A850EE3325A4AD960001A433 /* ConfigurationManager.swift */ = {isa = PBXFileReference; lastKnownFileType = sourcecode.swift; path = ConfigurationManager.swift; sourceTree = "<group>"; };
		A850EE3725A4ADAE0001A433 /* Configuration.swift */ = {isa = PBXFileReference; lastKnownFileType = sourcecode.swift; path = Configuration.swift; sourceTree = "<group>"; };
		A850EE4125A4AF970001A433 /* BaseCoordinator.swift */ = {isa = PBXFileReference; fileEncoding = 4; lastKnownFileType = sourcecode.swift; path = BaseCoordinator.swift; sourceTree = "<group>"; };
		A850EE4225A4AF970001A433 /* Coordinator.swift */ = {isa = PBXFileReference; fileEncoding = 4; lastKnownFileType = sourcecode.swift; path = Coordinator.swift; sourceTree = "<group>"; };
		A850EE4325A4AF970001A433 /* Dismissable.swift */ = {isa = PBXFileReference; fileEncoding = 4; lastKnownFileType = sourcecode.swift; path = Dismissable.swift; sourceTree = "<group>"; };
		A850EE4425A4AF970001A433 /* Router.swift */ = {isa = PBXFileReference; fileEncoding = 4; lastKnownFileType = sourcecode.swift; path = Router.swift; sourceTree = "<group>"; };
		A850EE4525A4AF970001A433 /* Presentable.swift */ = {isa = PBXFileReference; fileEncoding = 4; lastKnownFileType = sourcecode.swift; path = Presentable.swift; sourceTree = "<group>"; };
		A850EE4C25A4B3930001A433 /* FeedsController.swift */ = {isa = PBXFileReference; lastKnownFileType = sourcecode.swift; path = FeedsController.swift; sourceTree = "<group>"; };
		A850EE4F25A4B58A0001A433 /* ApplicationCoordinator.swift */ = {isa = PBXFileReference; lastKnownFileType = sourcecode.swift; name = ApplicationCoordinator.swift; path = Base/ApplicationCoordinator.swift; sourceTree = "<group>"; };
		A850EE5225A4B6A70001A433 /* FeedsCoordinator.swift */ = {isa = PBXFileReference; lastKnownFileType = sourcecode.swift; path = FeedsCoordinator.swift; sourceTree = "<group>"; };
		A850EE5725A4B7550001A433 /* Alias.swift */ = {isa = PBXFileReference; lastKnownFileType = sourcecode.swift; path = Alias.swift; sourceTree = "<group>"; };
		A850EE6C25A4FBA10001A433 /* IntroductionViewController.xib */ = {isa = PBXFileReference; lastKnownFileType = file.xib; path = IntroductionViewController.xib; sourceTree = "<group>"; };
		A850EE7025A4FC200001A433 /* IntroductionCoordinator.swift */ = {isa = PBXFileReference; lastKnownFileType = sourcecode.swift; path = IntroductionCoordinator.swift; sourceTree = "<group>"; };
		A850EE7525A4FCFE0001A433 /* Feed.swift */ = {isa = PBXFileReference; lastKnownFileType = sourcecode.swift; path = Feed.swift; sourceTree = "<group>"; };
		A850EE7B25A4FD370001A433 /* Post.swift */ = {isa = PBXFileReference; lastKnownFileType = sourcecode.swift; path = Post.swift; sourceTree = "<group>"; };
		A850EE8125A4FE330001A433 /* FeedsViewController.swift */ = {isa = PBXFileReference; lastKnownFileType = sourcecode.swift; path = FeedsViewController.swift; sourceTree = "<group>"; };
		A850EE8525A4FE3C0001A433 /* PostViewController.swift */ = {isa = PBXFileReference; lastKnownFileType = sourcecode.swift; path = PostViewController.swift; sourceTree = "<group>"; };
		A850EE9E25A5017E0001A433 /* PostViewController.xib */ = {isa = PBXFileReference; lastKnownFileType = file.xib; path = PostViewController.xib; sourceTree = "<group>"; };
		A850EEA125A501880001A433 /* FeedsViewController.xib */ = {isa = PBXFileReference; lastKnownFileType = file.xib; path = FeedsViewController.xib; sourceTree = "<group>"; };
		A879732725A50B7900ACD951 /* R.generated.swift */ = {isa = PBXFileReference; fileEncoding = 4; lastKnownFileType = sourcecode.swift; path = R.generated.swift; sourceTree = "<group>"; };
		A879734725A50D6F00ACD951 /* IntroductionView.swift */ = {isa = PBXFileReference; lastKnownFileType = sourcecode.swift; path = IntroductionView.swift; sourceTree = "<group>"; };
		A879734E25A50DC400ACD951 /* FeedsViewModel.swift */ = {isa = PBXFileReference; lastKnownFileType = sourcecode.swift; path = FeedsViewModel.swift; sourceTree = "<group>"; };
		A879735125A50DCE00ACD951 /* IntroductionViewModel.swift */ = {isa = PBXFileReference; lastKnownFileType = sourcecode.swift; path = IntroductionViewModel.swift; sourceTree = "<group>"; };
		A879735925A50E6400ACD951 /* PostView.swift */ = {isa = PBXFileReference; lastKnownFileType = sourcecode.swift; path = PostView.swift; sourceTree = "<group>"; };
		A879735D25A50F7700ACD951 /* Localizable.strings */ = {isa = PBXFileReference; lastKnownFileType = text.plist.strings; path = Localizable.strings; sourceTree = "<group>"; };
		A8F0431825A5A78400A584BD /* MainBackendAPI.swift */ = {isa = PBXFileReference; lastKnownFileType = sourcecode.swift; path = MainBackendAPI.swift; sourceTree = "<group>"; };
		A8F0431C25A5A79100A584BD /* MainBackendProvider.swift */ = {isa = PBXFileReference; lastKnownFileType = sourcecode.swift; path = MainBackendProvider.swift; sourceTree = "<group>"; };
		A8FCFF1D25A5C12E00B366F6 /* Author.swift */ = {isa = PBXFileReference; lastKnownFileType = sourcecode.swift; path = Author.swift; sourceTree = "<group>"; };
		A8FCFF2025A5C13500B366F6 /* Link.swift */ = {isa = PBXFileReference; lastKnownFileType = sourcecode.swift; path = Link.swift; sourceTree = "<group>"; };
		A8FCFF2325A5C13C00B366F6 /* Image.swift */ = {isa = PBXFileReference; lastKnownFileType = sourcecode.swift; path = Image.swift; sourceTree = "<group>"; };
		A8FCFF3F25A5DA5000B366F6 /* FeedsCell.swift */ = {isa = PBXFileReference; lastKnownFileType = sourcecode.swift; path = FeedsCell.swift; sourceTree = "<group>"; };
		A8FCFF4625A5DA6800B366F6 /* FeedsCell.xib */ = {isa = PBXFileReference; lastKnownFileType = file.xib; path = FeedsCell.xib; sourceTree = "<group>"; };
		A8FCFF4A25A5DB0A00B366F6 /* UITableView+Component.swift */ = {isa = PBXFileReference; lastKnownFileType = sourcecode.swift; path = "UITableView+Component.swift"; sourceTree = "<group>"; };
		A8FCFF5325A689A900B366F6 /* logo.json */ = {isa = PBXFileReference; fileEncoding = 4; lastKnownFileType = text.json; path = logo.json; sourceTree = "<group>"; };
		A8FCFF5625A738F900B366F6 /* Post+Utils.swift */ = {isa = PBXFileReference; lastKnownFileType = sourcecode.swift; path = "Post+Utils.swift"; sourceTree = "<group>"; };
		BC59DA133B91A93E467DB7D4 /* Pods_InstantSystem.framework */ = {isa = PBXFileReference; explicitFileType = wrapper.framework; includeInIndex = 0; path = Pods_InstantSystem.framework; sourceTree = BUILT_PRODUCTS_DIR; };
/* End PBXFileReference section */

/* Begin PBXFrameworksBuildPhase section */
		A850EDE425A4A2060001A433 /* Frameworks */ = {
			isa = PBXFrameworksBuildPhase;
			buildActionMask = 2147483647;
			files = (
				A80AED135F502D3A32453237 /* Pods_InstantSystem.framework in Frameworks */,
			);
			runOnlyForDeploymentPostprocessing = 0;
		};
/* End PBXFrameworksBuildPhase section */

/* Begin PBXGroup section */
		A850EDDE25A4A2060001A433 = {
			isa = PBXGroup;
			children = (
				A850EDE925A4A2060001A433 /* InstantSystem */,
				A850EDE825A4A2060001A433 /* Products */,
				F743EE89BD4EF855D0F6D7AA /* Pods */,
				CCC8E4962176C5188D5FB94B /* Frameworks */,
			);
			sourceTree = "<group>";
		};
		A850EDE825A4A2060001A433 /* Products */ = {
			isa = PBXGroup;
			children = (
				A850EDE725A4A2060001A433 /* InstantSystem.app */,
			);
			name = Products;
			sourceTree = "<group>";
		};
		A850EDE925A4A2060001A433 /* InstantSystem */ = {
			isa = PBXGroup;
			children = (
				A850EE0225A4A2520001A433 /* Classes */,
				A850EDFF25A4A20E0001A433 /* Resources */,
			);
			path = InstantSystem;
			sourceTree = "<group>";
		};
		A850EDFF25A4A20E0001A433 /* Resources */ = {
			isa = PBXGroup;
			children = (
				A850EDF825A4A2080001A433 /* Info.plist */,
				A850EE2A25A4AAF50001A433 /* Animations */,
				A850EE1025A4A3300001A433 /* Assets */,
				A850EE2D25A4ACBF0001A433 /* Data */,
				A850EE1125A4A3350001A433 /* Localizables */,
				A850EE0F25A4A3260001A433 /* Storyboards */,
			);
			path = Resources;
			sourceTree = "<group>";
		};
		A850EE0225A4A2520001A433 /* Classes */ = {
			isa = PBXGroup;
			children = (
				A850EDEA25A4A2060001A433 /* AppDelegate.swift */,
				A879732725A50B7900ACD951 /* R.generated.swift */,
				A850EDEC25A4A2060001A433 /* SceneDelegate.swift */,
				A850EE0A25A4A2A00001A433 /* Coordinators */,
				A850EE0C25A4A2C90001A433 /* Data */,
				A850EE0D25A4A2FB0001A433 /* Extensions */,
				A850EE0E25A4A3010001A433 /* Utils */,
				A850EE0425A4A25D0001A433 /* ViewControllers */,
			);
			path = Classes;
			sourceTree = "<group>";
		};
		A850EE0425A4A25D0001A433 /* ViewControllers */ = {
			isa = PBXGroup;
			children = (
				A850EE7F25A4FE1C0001A433 /* Feeds */,
				A850EE8025A4FE200001A433 /* Post */,
				A850EE6B25A4FB8B0001A433 /* Introduction */,
			);
			path = ViewControllers;
			sourceTree = "<group>";
		};
		A850EE0525A4A2670001A433 /* Server */ = {
			isa = PBXGroup;
			children = (
				A8F0431825A5A78400A584BD /* MainBackendAPI.swift */,
				A8F0431C25A5A79100A584BD /* MainBackendProvider.swift */,
			);
			path = Server;
			sourceTree = "<group>";
		};
		A850EE0925A4A2970001A433 /* Model */ = {
			isa = PBXGroup;
			children = (
				A8FCFF1C25A5C12400B366F6 /* Author */,
				A850EE7425A4FCF30001A433 /* Feed */,
				A8FCFF1A25A5C11A00B366F6 /* Image */,
				A8FCFF1B25A5C11F00B366F6 /* Link */,
				A850EE7825A4FD200001A433 /* Post */,
			);
			path = Model;
			sourceTree = "<group>";
		};
		A850EE0A25A4A2A00001A433 /* Coordinators */ = {
			isa = PBXGroup;
			children = (
				A850EE4F25A4B58A0001A433 /* ApplicationCoordinator.swift */,
				A850EE5225A4B6A70001A433 /* FeedsCoordinator.swift */,
				A850EE7025A4FC200001A433 /* IntroductionCoordinator.swift */,
				A850EE4025A4AF690001A433 /* Base */,
			);
			path = Coordinators;
			sourceTree = "<group>";
		};
		A850EE0C25A4A2C90001A433 /* Data */ = {
			isa = PBXGroup;
			children = (
				A850EE2225A4AAC00001A433 /* Animations.swift */,
				A8F0431725A5A76B00A584BD /* Controller */,
				A850EE0925A4A2970001A433 /* Model */,
				A850EE0525A4A2670001A433 /* Server */,
			);
			path = Data;
			sourceTree = "<group>";
		};
		A850EE0D25A4A2FB0001A433 /* Extensions */ = {
			isa = PBXGroup;
			children = (
				A8FCFF4A25A5DB0A00B366F6 /* UITableView+Component.swift */,
			);
			path = Extensions;
			sourceTree = "<group>";
		};
		A850EE0E25A4A3010001A433 /* Utils */ = {
			isa = PBXGroup;
			children = (
				A850EE5725A4B7550001A433 /* Alias.swift */,
				A850EE3225A4AD7E0001A433 /* ConfigurationManager */,
			);
			path = Utils;
			sourceTree = "<group>";
		};
		A850EE0F25A4A3260001A433 /* Storyboards */ = {
			isa = PBXGroup;
			children = (
				A850EDF525A4A2080001A433 /* LaunchScreen.storyboard */,
			);
			path = Storyboards;
			sourceTree = "<group>";
		};
		A850EE1025A4A3300001A433 /* Assets */ = {
			isa = PBXGroup;
			children = (
				A850EDF325A4A2080001A433 /* Assets.xcassets */,
			);
			path = Assets;
			sourceTree = "<group>";
		};
		A850EE1125A4A3350001A433 /* Localizables */ = {
			isa = PBXGroup;
			children = (
				A879735D25A50F7700ACD951 /* Localizable.strings */,
			);
			path = Localizables;
			sourceTree = "<group>";
		};
		A850EE2A25A4AAF50001A433 /* Animations */ = {
			isa = PBXGroup;
			children = (
				A8FCFF5325A689A900B366F6 /* logo.json */,
			);
			path = Animations;
			sourceTree = "<group>";
		};
		A850EE2D25A4ACBF0001A433 /* Data */ = {
			isa = PBXGroup;
			children = (
				A850EE2E25A4ACDC0001A433 /* configuration.json */,
			);
			path = Data;
			sourceTree = "<group>";
		};
		A850EE3225A4AD7E0001A433 /* ConfigurationManager */ = {
			isa = PBXGroup;
			children = (
				A850EE3325A4AD960001A433 /* ConfigurationManager.swift */,
				A850EE3725A4ADAE0001A433 /* Configuration.swift */,
			);
			path = ConfigurationManager;
			sourceTree = "<group>";
		};
		A850EE4025A4AF690001A433 /* Base */ = {
			isa = PBXGroup;
			children = (
				A850EE4125A4AF970001A433 /* BaseCoordinator.swift */,
				A850EE4225A4AF970001A433 /* Coordinator.swift */,
				A850EE4325A4AF970001A433 /* Dismissable.swift */,
				A850EE4525A4AF970001A433 /* Presentable.swift */,
				A850EE4425A4AF970001A433 /* Router.swift */,
			);
			path = Base;
			sourceTree = "<group>";
		};
		A850EE6B25A4FB8B0001A433 /* Introduction */ = {
			isa = PBXGroup;
			children = (
				A879734725A50D6F00ACD951 /* IntroductionView.swift */,
				A850EDEE25A4A2060001A433 /* IntroductionViewController.swift */,
				A850EE6C25A4FBA10001A433 /* IntroductionViewController.xib */,
				A879735125A50DCE00ACD951 /* IntroductionViewModel.swift */,
			);
			path = Introduction;
			sourceTree = "<group>";
		};
		A850EE7425A4FCF30001A433 /* Feed */ = {
			isa = PBXGroup;
			children = (
				A850EE7525A4FCFE0001A433 /* Feed.swift */,
			);
			path = Feed;
			sourceTree = "<group>";
		};
		A850EE7825A4FD200001A433 /* Post */ = {
			isa = PBXGroup;
			children = (
				A850EE7B25A4FD370001A433 /* Post.swift */,
				A8FCFF5625A738F900B366F6 /* Post+Utils.swift */,
			);
			path = Post;
			sourceTree = "<group>";
		};
		A850EE7F25A4FE1C0001A433 /* Feeds */ = {
			isa = PBXGroup;
			children = (
				A850EE8125A4FE330001A433 /* FeedsViewController.swift */,
				A850EEA125A501880001A433 /* FeedsViewController.xib */,
				A879734E25A50DC400ACD951 /* FeedsViewModel.swift */,
				A8FCFF3E25A5DA3900B366F6 /* Cell */,
			);
			path = Feeds;
			sourceTree = "<group>";
		};
		A850EE8025A4FE200001A433 /* Post */ = {
			isa = PBXGroup;
			children = (
				A879735925A50E6400ACD951 /* PostView.swift */,
				A850EE8525A4FE3C0001A433 /* PostViewController.swift */,
				A850EE9E25A5017E0001A433 /* PostViewController.xib */,
			);
			path = Post;
			sourceTree = "<group>";
		};
		A8F0431725A5A76B00A584BD /* Controller */ = {
			isa = PBXGroup;
			children = (
				A850EE4C25A4B3930001A433 /* FeedsController.swift */,
			);
			path = Controller;
			sourceTree = "<group>";
		};
		A8FCFF1A25A5C11A00B366F6 /* Image */ = {
			isa = PBXGroup;
			children = (
				A8FCFF2325A5C13C00B366F6 /* Image.swift */,
			);
			path = Image;
			sourceTree = "<group>";
		};
		A8FCFF1B25A5C11F00B366F6 /* Link */ = {
			isa = PBXGroup;
			children = (
				A8FCFF2025A5C13500B366F6 /* Link.swift */,
			);
			path = Link;
			sourceTree = "<group>";
		};
		A8FCFF1C25A5C12400B366F6 /* Author */ = {
			isa = PBXGroup;
			children = (
				A8FCFF1D25A5C12E00B366F6 /* Author.swift */,
			);
			path = Author;
			sourceTree = "<group>";
		};
		A8FCFF3E25A5DA3900B366F6 /* Cell */ = {
			isa = PBXGroup;
			children = (
				A8FCFF3F25A5DA5000B366F6 /* FeedsCell.swift */,
				A8FCFF4625A5DA6800B366F6 /* FeedsCell.xib */,
			);
			path = Cell;
			sourceTree = "<group>";
		};
		CCC8E4962176C5188D5FB94B /* Frameworks */ = {
			isa = PBXGroup;
			children = (
				BC59DA133B91A93E467DB7D4 /* Pods_InstantSystem.framework */,
			);
			name = Frameworks;
			sourceTree = "<group>";
		};
		F743EE89BD4EF855D0F6D7AA /* Pods */ = {
			isa = PBXGroup;
			children = (
				A4CA450F12037A914A37C50D /* Pods-InstantSystem.debug.xcconfig */,
				02740C5B19535DA4441975BB /* Pods-InstantSystem.release.xcconfig */,
			);
			path = Pods;
			sourceTree = "<group>";
		};
/* End PBXGroup section */

/* Begin PBXNativeTarget section */
		A850EDE625A4A2060001A433 /* InstantSystem */ = {
			isa = PBXNativeTarget;
			buildConfigurationList = A850EDFB25A4A2080001A433 /* Build configuration list for PBXNativeTarget "InstantSystem" */;
			buildPhases = (
				D985616081954AE889807988 /* [CP] Check Pods Manifest.lock */,
				A850EE9825A5006B0001A433 /* R.swift */,
				A850EDE325A4A2060001A433 /* Sources */,
				A850EDE425A4A2060001A433 /* Frameworks */,
				A850EDE525A4A2060001A433 /* Resources */,
				CB4B9A03182A041B3AD6BD31 /* [CP] Embed Pods Frameworks */,
			);
			buildRules = (
			);
			dependencies = (
			);
			name = InstantSystem;
			productName = InstantSystem;
			productReference = A850EDE725A4A2060001A433 /* InstantSystem.app */;
			productType = "com.apple.product-type.application";
		};
/* End PBXNativeTarget section */

/* Begin PBXProject section */
		A850EDDF25A4A2060001A433 /* Project object */ = {
			isa = PBXProject;
			attributes = {
				LastSwiftUpdateCheck = 1230;
				LastUpgradeCheck = 1230;
				TargetAttributes = {
					A850EDE625A4A2060001A433 = {
						CreatedOnToolsVersion = 12.3;
					};
				};
			};
			buildConfigurationList = A850EDE225A4A2060001A433 /* Build configuration list for PBXProject "InstantSystem" */;
			compatibilityVersion = "Xcode 9.3";
			developmentRegion = en;
			hasScannedForEncodings = 0;
			knownRegions = (
				en,
				Base,
			);
			mainGroup = A850EDDE25A4A2060001A433;
			productRefGroup = A850EDE825A4A2060001A433 /* Products */;
			projectDirPath = "";
			projectRoot = "";
			targets = (
				A850EDE625A4A2060001A433 /* InstantSystem */,
			);
		};
/* End PBXProject section */

/* Begin PBXResourcesBuildPhase section */
		A850EDE525A4A2060001A433 /* Resources */ = {
			isa = PBXResourcesBuildPhase;
			buildActionMask = 2147483647;
			files = (
				A850EE6D25A4FBA10001A433 /* IntroductionViewController.xib in Resources */,
				A850EDF725A4A2080001A433 /* LaunchScreen.storyboard in Resources */,
				A850EE9F25A5017E0001A433 /* PostViewController.xib in Resources */,
				A850EEA225A501880001A433 /* FeedsViewController.xib in Resources */,
				A8FCFF5425A689A900B366F6 /* logo.json in Resources */,
				A879735E25A50F7700ACD951 /* Localizable.strings in Resources */,
				A850EDF425A4A2080001A433 /* Assets.xcassets in Resources */,
				A850EE2F25A4ACDC0001A433 /* configuration.json in Resources */,
				A8FCFF4725A5DA6800B366F6 /* FeedsCell.xib in Resources */,
			);
			runOnlyForDeploymentPostprocessing = 0;
		};
/* End PBXResourcesBuildPhase section */

/* Begin PBXShellScriptBuildPhase section */
		A850EE9825A5006B0001A433 /* R.swift */ = {
			isa = PBXShellScriptBuildPhase;
			buildActionMask = 2147483647;
			files = (
			);
			inputFileListPaths = (
			);
			inputPaths = (
				"$TEMP_DIR/rswift-lastrun",
			);
			name = R.swift;
			outputFileListPaths = (
			);
			outputPaths = (
				$SRCROOT/InstantSystem/Classes/R.generated.swift,
			);
			runOnlyForDeploymentPostprocessing = 0;
			shellPath = /bin/sh;
			shellScript = "\"$PODS_ROOT/R.swift/rswift\" generate \"$SRCROOT/InstantSystem/Classes/R.generated.swift\"\n";
			showEnvVarsInLog = 0;
		};
		CB4B9A03182A041B3AD6BD31 /* [CP] Embed Pods Frameworks */ = {
			isa = PBXShellScriptBuildPhase;
			buildActionMask = 2147483647;
			files = (
			);
			inputFileListPaths = (
				"${PODS_ROOT}/Target Support Files/Pods-InstantSystem/Pods-InstantSystem-frameworks-${CONFIGURATION}-input-files.xcfilelist",
			);
			name = "[CP] Embed Pods Frameworks";
			outputFileListPaths = (
				"${PODS_ROOT}/Target Support Files/Pods-InstantSystem/Pods-InstantSystem-frameworks-${CONFIGURATION}-output-files.xcfilelist",
			);
			runOnlyForDeploymentPostprocessing = 0;
			shellPath = /bin/sh;
			shellScript = "\"${PODS_ROOT}/Target Support Files/Pods-InstantSystem/Pods-InstantSystem-frameworks.sh\"\n";
			showEnvVarsInLog = 0;
		};
		D985616081954AE889807988 /* [CP] Check Pods Manifest.lock */ = {
			isa = PBXShellScriptBuildPhase;
			buildActionMask = 2147483647;
			files = (
			);
			inputFileListPaths = (
			);
			inputPaths = (
				"${PODS_PODFILE_DIR_PATH}/Podfile.lock",
				"${PODS_ROOT}/Manifest.lock",
			);
			name = "[CP] Check Pods Manifest.lock";
			outputFileListPaths = (
			);
			outputPaths = (
				"$(DERIVED_FILE_DIR)/Pods-InstantSystem-checkManifestLockResult.txt",
			);
			runOnlyForDeploymentPostprocessing = 0;
			shellPath = /bin/sh;
			shellScript = "diff \"${PODS_PODFILE_DIR_PATH}/Podfile.lock\" \"${PODS_ROOT}/Manifest.lock\" > /dev/null\nif [ $? != 0 ] ; then\n    # print error to STDERR\n    echo \"error: The sandbox is not in sync with the Podfile.lock. Run 'pod install' or update your CocoaPods installation.\" >&2\n    exit 1\nfi\n# This output is used by Xcode 'outputs' to avoid re-running this script phase.\necho \"SUCCESS\" > \"${SCRIPT_OUTPUT_FILE_0}\"\n";
			showEnvVarsInLog = 0;
		};
/* End PBXShellScriptBuildPhase section */

/* Begin PBXSourcesBuildPhase section */
		A850EDE325A4A2060001A433 /* Sources */ = {
			isa = PBXSourcesBuildPhase;
			buildActionMask = 2147483647;
			files = (
				A850EE7C25A4FD370001A433 /* Post.swift in Sources */,
				A850EE4725A4AF970001A433 /* Coordinator.swift in Sources */,
				A850EE3825A4ADAE0001A433 /* Configuration.swift in Sources */,
				A850EE5025A4B58A0001A433 /* ApplicationCoordinator.swift in Sources */,
				A850EE4925A4AF970001A433 /* Router.swift in Sources */,
				A879735A25A50E6400ACD951 /* PostView.swift in Sources */,
				A850EE5825A4B7550001A433 /* Alias.swift in Sources */,
				A8FCFF2425A5C13C00B366F6 /* Image.swift in Sources */,
				A850EE3425A4AD960001A433 /* ConfigurationManager.swift in Sources */,
				A850EE4825A4AF970001A433 /* Dismissable.swift in Sources */,
				A8FCFF2125A5C13500B366F6 /* Link.swift in Sources */,
				A8FCFF5725A738F900B366F6 /* Post+Utils.swift in Sources */,
				A879732825A50B7900ACD951 /* R.generated.swift in Sources */,
				A879734F25A50DC400ACD951 /* FeedsViewModel.swift in Sources */,
				A850EDEF25A4A2060001A433 /* IntroductionViewController.swift in Sources */,
				A850EE7625A4FCFE0001A433 /* Feed.swift in Sources */,
				A8F0431D25A5A79100A584BD /* MainBackendProvider.swift in Sources */,
				A850EDEB25A4A2060001A433 /* AppDelegate.swift in Sources */,
				A879735225A50DCE00ACD951 /* IntroductionViewModel.swift in Sources */,
				A850EE5325A4B6A70001A433 /* FeedsCoordinator.swift in Sources */,
				A850EE8225A4FE330001A433 /* FeedsViewController.swift in Sources */,
				A850EE4D25A4B3930001A433 /* FeedsController.swift in Sources */,
				A850EE4625A4AF970001A433 /* BaseCoordinator.swift in Sources */,
				A8FCFF4025A5DA5000B366F6 /* FeedsCell.swift in Sources */,
				A850EE2325A4AAC00001A433 /* Animations.swift in Sources */,
				A8F0431925A5A78400A584BD /* MainBackendAPI.swift in Sources */,
				A8FCFF1E25A5C12E00B366F6 /* Author.swift in Sources */,
				A8FCFF4B25A5DB0A00B366F6 /* UITableView+Component.swift in Sources */,
				A850EE4A25A4AF970001A433 /* Presentable.swift in Sources */,
				A879734825A50D6F00ACD951 /* IntroductionView.swift in Sources */,
				A850EE7125A4FC200001A433 /* IntroductionCoordinator.swift in Sources */,
				A850EDED25A4A2060001A433 /* SceneDelegate.swift in Sources */,
				A850EE8625A4FE3C0001A433 /* PostViewController.swift in Sources */,
			);
			runOnlyForDeploymentPostprocessing = 0;
		};
/* End PBXSourcesBuildPhase section */

/* Begin PBXVariantGroup section */
		A850EDF525A4A2080001A433 /* LaunchScreen.storyboard */ = {
			isa = PBXVariantGroup;
			children = (
				A850EDF625A4A2080001A433 /* Base */,
			);
			name = LaunchScreen.storyboard;
			sourceTree = "<group>";
		};
/* End PBXVariantGroup section */

/* Begin XCBuildConfiguration section */
		A850EDF925A4A2080001A433 /* Debug */ = {
			isa = XCBuildConfiguration;
			buildSettings = {
				ALWAYS_SEARCH_USER_PATHS = NO;
				CLANG_ANALYZER_NONNULL = YES;
				CLANG_ANALYZER_NUMBER_OBJECT_CONVERSION = YES_AGGRESSIVE;
				CLANG_CXX_LANGUAGE_STANDARD = "gnu++14";
				CLANG_CXX_LIBRARY = "libc++";
				CLANG_ENABLE_MODULES = YES;
				CLANG_ENABLE_OBJC_ARC = YES;
				CLANG_ENABLE_OBJC_WEAK = YES;
				CLANG_WARN_BLOCK_CAPTURE_AUTORELEASING = YES;
				CLANG_WARN_BOOL_CONVERSION = YES;
				CLANG_WARN_COMMA = YES;
				CLANG_WARN_CONSTANT_CONVERSION = YES;
				CLANG_WARN_DEPRECATED_OBJC_IMPLEMENTATIONS = YES;
				CLANG_WARN_DIRECT_OBJC_ISA_USAGE = YES_ERROR;
				CLANG_WARN_DOCUMENTATION_COMMENTS = YES;
				CLANG_WARN_EMPTY_BODY = YES;
				CLANG_WARN_ENUM_CONVERSION = YES;
				CLANG_WARN_INFINITE_RECURSION = YES;
				CLANG_WARN_INT_CONVERSION = YES;
				CLANG_WARN_NON_LITERAL_NULL_CONVERSION = YES;
				CLANG_WARN_OBJC_IMPLICIT_RETAIN_SELF = YES;
				CLANG_WARN_OBJC_LITERAL_CONVERSION = YES;
				CLANG_WARN_OBJC_ROOT_CLASS = YES_ERROR;
				CLANG_WARN_QUOTED_INCLUDE_IN_FRAMEWORK_HEADER = YES;
				CLANG_WARN_RANGE_LOOP_ANALYSIS = YES;
				CLANG_WARN_STRICT_PROTOTYPES = YES;
				CLANG_WARN_SUSPICIOUS_MOVE = YES;
				CLANG_WARN_UNGUARDED_AVAILABILITY = YES_AGGRESSIVE;
				CLANG_WARN_UNREACHABLE_CODE = YES;
				CLANG_WARN__DUPLICATE_METHOD_MATCH = YES;
				COPY_PHASE_STRIP = NO;
				DEBUG_INFORMATION_FORMAT = dwarf;
				ENABLE_STRICT_OBJC_MSGSEND = YES;
				ENABLE_TESTABILITY = YES;
				GCC_C_LANGUAGE_STANDARD = gnu11;
				GCC_DYNAMIC_NO_PIC = NO;
				GCC_NO_COMMON_BLOCKS = YES;
				GCC_OPTIMIZATION_LEVEL = 0;
				GCC_PREPROCESSOR_DEFINITIONS = (
					"DEBUG=1",
					"$(inherited)",
				);
				GCC_WARN_64_TO_32_BIT_CONVERSION = YES;
				GCC_WARN_ABOUT_RETURN_TYPE = YES_ERROR;
				GCC_WARN_UNDECLARED_SELECTOR = YES;
				GCC_WARN_UNINITIALIZED_AUTOS = YES_AGGRESSIVE;
				GCC_WARN_UNUSED_FUNCTION = YES;
				GCC_WARN_UNUSED_VARIABLE = YES;
				IPHONEOS_DEPLOYMENT_TARGET = 13.0;
				MTL_ENABLE_DEBUG_INFO = INCLUDE_SOURCE;
				MTL_FAST_MATH = YES;
				ONLY_ACTIVE_ARCH = YES;
				SDKROOT = iphoneos;
				SWIFT_ACTIVE_COMPILATION_CONDITIONS = DEBUG;
				SWIFT_OPTIMIZATION_LEVEL = "-Onone";
			};
			name = Debug;
		};
		A850EDFA25A4A2080001A433 /* Release */ = {
			isa = XCBuildConfiguration;
			buildSettings = {
				ALWAYS_SEARCH_USER_PATHS = NO;
				CLANG_ANALYZER_NONNULL = YES;
				CLANG_ANALYZER_NUMBER_OBJECT_CONVERSION = YES_AGGRESSIVE;
				CLANG_CXX_LANGUAGE_STANDARD = "gnu++14";
				CLANG_CXX_LIBRARY = "libc++";
				CLANG_ENABLE_MODULES = YES;
				CLANG_ENABLE_OBJC_ARC = YES;
				CLANG_ENABLE_OBJC_WEAK = YES;
				CLANG_WARN_BLOCK_CAPTURE_AUTORELEASING = YES;
				CLANG_WARN_BOOL_CONVERSION = YES;
				CLANG_WARN_COMMA = YES;
				CLANG_WARN_CONSTANT_CONVERSION = YES;
				CLANG_WARN_DEPRECATED_OBJC_IMPLEMENTATIONS = YES;
				CLANG_WARN_DIRECT_OBJC_ISA_USAGE = YES_ERROR;
				CLANG_WARN_DOCUMENTATION_COMMENTS = YES;
				CLANG_WARN_EMPTY_BODY = YES;
				CLANG_WARN_ENUM_CONVERSION = YES;
				CLANG_WARN_INFINITE_RECURSION = YES;
				CLANG_WARN_INT_CONVERSION = YES;
				CLANG_WARN_NON_LITERAL_NULL_CONVERSION = YES;
				CLANG_WARN_OBJC_IMPLICIT_RETAIN_SELF = YES;
				CLANG_WARN_OBJC_LITERAL_CONVERSION = YES;
				CLANG_WARN_OBJC_ROOT_CLASS = YES_ERROR;
				CLANG_WARN_QUOTED_INCLUDE_IN_FRAMEWORK_HEADER = YES;
				CLANG_WARN_RANGE_LOOP_ANALYSIS = YES;
				CLANG_WARN_STRICT_PROTOTYPES = YES;
				CLANG_WARN_SUSPICIOUS_MOVE = YES;
				CLANG_WARN_UNGUARDED_AVAILABILITY = YES_AGGRESSIVE;
				CLANG_WARN_UNREACHABLE_CODE = YES;
				CLANG_WARN__DUPLICATE_METHOD_MATCH = YES;
				COPY_PHASE_STRIP = NO;
				DEBUG_INFORMATION_FORMAT = "dwarf-with-dsym";
				ENABLE_NS_ASSERTIONS = NO;
				ENABLE_STRICT_OBJC_MSGSEND = YES;
				GCC_C_LANGUAGE_STANDARD = gnu11;
				GCC_NO_COMMON_BLOCKS = YES;
				GCC_WARN_64_TO_32_BIT_CONVERSION = YES;
				GCC_WARN_ABOUT_RETURN_TYPE = YES_ERROR;
				GCC_WARN_UNDECLARED_SELECTOR = YES;
				GCC_WARN_UNINITIALIZED_AUTOS = YES_AGGRESSIVE;
				GCC_WARN_UNUSED_FUNCTION = YES;
				GCC_WARN_UNUSED_VARIABLE = YES;
				IPHONEOS_DEPLOYMENT_TARGET = 13.0;
				MTL_ENABLE_DEBUG_INFO = NO;
				MTL_FAST_MATH = YES;
				SDKROOT = iphoneos;
				SWIFT_COMPILATION_MODE = wholemodule;
				SWIFT_OPTIMIZATION_LEVEL = "-O";
				VALIDATE_PRODUCT = YES;
			};
			name = Release;
		};
		A850EDFC25A4A2080001A433 /* Debug */ = {
			isa = XCBuildConfiguration;
			baseConfigurationReference = A4CA450F12037A914A37C50D /* Pods-InstantSystem.debug.xcconfig */;
			buildSettings = {
				ASSETCATALOG_COMPILER_APPICON_NAME = AppIcon;
				ASSETCATALOG_COMPILER_GLOBAL_ACCENT_COLOR_NAME = AccentColor;
				CODE_SIGN_STYLE = Automatic;
				DEVELOPMENT_TEAM = DM4F765E5B;
				INFOPLIST_FILE = InstantSystem/Resources/Info.plist;
				LD_RUNPATH_SEARCH_PATHS = (
					"$(inherited)",
					"@executable_path/Frameworks",
				);
				PRODUCT_BUNDLE_IDENTIFIER = com.paulLavoine.InstantSystem;
				PRODUCT_NAME = "$(TARGET_NAME)";
				SWIFT_VERSION = 5.0;
				TARGETED_DEVICE_FAMILY = 1;
			};
			name = Debug;
		};
		A850EDFD25A4A2080001A433 /* Release */ = {
			isa = XCBuildConfiguration;
			baseConfigurationReference = 02740C5B19535DA4441975BB /* Pods-InstantSystem.release.xcconfig */;
			buildSettings = {
				ASSETCATALOG_COMPILER_APPICON_NAME = AppIcon;
				ASSETCATALOG_COMPILER_GLOBAL_ACCENT_COLOR_NAME = AccentColor;
				CODE_SIGN_STYLE = Automatic;
				DEVELOPMENT_TEAM = DM4F765E5B;
				INFOPLIST_FILE = InstantSystem/Resources/Info.plist;
				LD_RUNPATH_SEARCH_PATHS = (
					"$(inherited)",
					"@executable_path/Frameworks",
				);
				PRODUCT_BUNDLE_IDENTIFIER = com.paulLavoine.InstantSystem;
				PRODUCT_NAME = "$(TARGET_NAME)";
				SWIFT_VERSION = 5.0;
				TARGETED_DEVICE_FAMILY = 1;
			};
			name = Release;
		};
/* End XCBuildConfiguration section */

/* Begin XCConfigurationList section */
		A850EDE225A4A2060001A433 /* Build configuration list for PBXProject "InstantSystem" */ = {
			isa = XCConfigurationList;
			buildConfigurations = (
				A850EDF925A4A2080001A433 /* Debug */,
				A850EDFA25A4A2080001A433 /* Release */,
			);
			defaultConfigurationIsVisible = 0;
			defaultConfigurationName = Release;
		};
		A850EDFB25A4A2080001A433 /* Build configuration list for PBXNativeTarget "InstantSystem" */ = {
			isa = XCConfigurationList;
			buildConfigurations = (
				A850EDFC25A4A2080001A433 /* Debug */,
				A850EDFD25A4A2080001A433 /* Release */,
			);
			defaultConfigurationIsVisible = 0;
			defaultConfigurationName = Release;
		};
/* End XCConfigurationList section */
	};
	rootObject = A850EDDF25A4A2060001A433 /* Project object */;
}
